
Microsoft Visual Studio Solution File, Format Version 12.00
# Visual Studio Version 17
VisualStudioVersion = 17.0.32112.339
MinimumVisualStudioVersion = 10.0.40219.1
Project("{9A19103F-16F7-4668-BE54-9A1E7A4F7556}") = "UserManager", "UserManager\UserManager.csproj", "{A1C5B516-F1E9-421B-A8A3-44CAD2374D39}"
EndProject
Project("{9A19103F-16F7-4668-BE54-9A1E7A4F7556}") = "Domain", "Domain\Domain.csproj", "{A501F2F3-E9C5-4C39-A3B5-686788046830}"
EndProject
Project("{9A19103F-16F7-4668-BE54-9A1E7A4F7556}") = "Application", "Application\Application.csproj", "{8DBFCEFA-233A-471B-A7DA-79F0863F7062}"
EndProject
Project("{9A19103F-16F7-4668-BE54-9A1E7A4F7556}") = "Infrastructure", "Infrastructure\Infrastructure.csproj", "{77D13A59-91B5-4BEA-89F7-FF226DDDE5A6}"
EndProject
Project("{FAE04EC0-301F-11D3-BF4B-00C04F79EFBC}") = "UserManager.UnitTests", "UserManager.UnitTests\UserManager.UnitTests.csproj", "{ED10D2D8-F1B2-40FF-802C-2AC127994238}"
EndProject
Global
	GlobalSection(SolutionConfigurationPlatforms) = preSolution
		Debug|Any CPU = Debug|Any CPU
		Release|Any CPU = Release|Any CPU
	EndGlobalSection
	GlobalSection(ProjectConfigurationPlatforms) = postSolution
		{A1C5B516-F1E9-421B-A8A3-44CAD2374D39}.Debug|Any CPU.ActiveCfg = Debug|Any CPU
		{A1C5B516-F1E9-421B-A8A3-44CAD2374D39}.Debug|Any CPU.Build.0 = Debug|Any CPU
		{A1C5B516-F1E9-421B-A8A3-44CAD2374D39}.Release|Any CPU.ActiveCfg = Release|Any CPU
		{A1C5B516-F1E9-421B-A8A3-44CAD2374D39}.Release|Any CPU.Build.0 = Release|Any CPU
		{A501F2F3-E9C5-4C39-A3B5-686788046830}.Debug|Any CPU.ActiveCfg = Debug|Any CPU
		{A501F2F3-E9C5-4C39-A3B5-686788046830}.Debug|Any CPU.Build.0 = Debug|Any CPU
		{A501F2F3-E9C5-4C39-A3B5-686788046830}.Release|Any CPU.ActiveCfg = Release|Any CPU
		{A501F2F3-E9C5-4C39-A3B5-686788046830}.Release|Any CPU.Build.0 = Release|Any CPU
		{8DBFCEFA-233A-471B-A7DA-79F0863F7062}.Debug|Any CPU.ActiveCfg = Debug|Any CPU
		{8DBFCEFA-233A-471B-A7DA-79F0863F7062}.Debug|Any CPU.Build.0 = Debug|Any CPU
		{8DBFCEFA-233A-471B-A7DA-79F0863F7062}.Release|Any CPU.ActiveCfg = Release|Any CPU
		{8DBFCEFA-233A-471B-A7DA-79F0863F7062}.Release|Any CPU.Build.0 = Release|Any CPU
		{77D13A59-91B5-4BEA-89F7-FF226DDDE5A6}.Debug|Any CPU.ActiveCfg = Debug|Any CPU
		{77D13A59-91B5-4BEA-89F7-FF226DDDE5A6}.Debug|Any CPU.Build.0 = Debug|Any CPU
		{77D13A59-91B5-4BEA-89F7-FF226DDDE5A6}.Release|Any CPU.ActiveCfg = Release|Any CPU
		{77D13A59-91B5-4BEA-89F7-FF226DDDE5A6}.Release|Any CPU.Build.0 = Release|Any CPU
		{ED10D2D8-F1B2-40FF-802C-2AC127994238}.Debug|Any CPU.ActiveCfg = Debug|Any CPU
		{ED10D2D8-F1B2-40FF-802C-2AC127994238}.Debug|Any CPU.Build.0 = Debug|Any CPU
		{ED10D2D8-F1B2-40FF-802C-2AC127994238}.Release|Any CPU.ActiveCfg = Release|Any CPU
		{ED10D2D8-F1B2-40FF-802C-2AC127994238}.Release|Any CPU.Build.0 = Release|Any CPU
	EndGlobalSection
	GlobalSection(SolutionProperties) = preSolution
		HideSolutionNode = FALSE
	EndGlobalSection
	GlobalSection(ExtensibilityGlobals) = postSolution
		SolutionGuid = {1D8475FB-D0D8-45DF-A9AB-F351D79FE880}
	EndGlobalSection
EndGlobal
